
Microsoft Visual Studio Solution File, Format Version 12.00
# Visual Studio Version 17
VisualStudioVersion = 17.0.31903.59
MinimumVisualStudioVersion = 10.0.40219.1

# Solution Folders
Project("{2150E333-8FDC-42A3-9474-1A3956D46DE8}") = "1. Presentation", "1. Presentation", "{02EA681E-C7D8-13C7-8484-4AC65E1B71E8}"
EndProject
Project("{2150E333-8FDC-42A3-9474-1A3956D46DE8}") = "2. Application", "2. Application", "{7AE8BE82-24F6-4796-AA5D-BB114E9DB52C}"
EndProject
Project("{2150E333-8FDC-42A3-9474-1A3956D46DE8}") = "3. Domain", "3. Domain", "{1B546B61-B804-4B9A-BFCA-E5404C54FCDD}"
EndProject
Project("{2150E333-8FDC-42A3-9474-1A3956D46DE8}") = "4. Infrastructure", "4. Infrastructure", "{26EAE511-6DEE-4539-B006-99E2D919D83F}"
EndProject

# Projects
Project("{FAE04EC0-301F-11D3-BF4B-00C04F79EFBC}") = "Journal.API", "Journal.api.csproj", "{63B76988-134F-49A3-A2FB-8873426B8B9A}"
EndProject
Project("{FAE04EC0-301F-11D3-BF4B-00C04F79EFBC}") = "Journal.Domain", "..\..\Journal.Domain\Journal_Domain\Journal_Domain.csproj", "{56665E84-9007-43F0-B9B2-560DF068C5F0}"
EndProject
Project("{FAE04EC0-301F-11D3-BF4B-00C04F79EFBC}") = "Journal.Application", "..\..\Journal.Application\Journal_Application\Journal_Application.csproj", "{8056A6B6-6FF3-4DA1-9461-0EB5F6F96375}"
EndProject
Project("{FAE04EC0-301F-11D3-BF4B-00C04F79EFBC}") = "Journal.Persistence.SQL", "..\..\Journal.DataLayer\Journal_Persistence.SQL\Journal_Persistence.SQL.csproj", "{B42FE722-BAAA-4FD5-99AB-B32C7AC0B336}"
EndProject
Project("{FAE04EC0-301F-11D3-BF4B-00C04F79EFBC}") = "Journal.MigrationsHandler", "..\..\Journal.DataLayer\Journal_MigrationsHandler\Journal_MigrationsHandler.csproj", "{4E74672F-A7C5-40B4-8795-960EF0C458B0}"
EndProject

Global
	GlobalSection(SolutionConfigurationPlatforms) = preSolution
		Debug|Any CPU = Debug|Any CPU
		Release|Any CPU = Release|Any CPU
	EndGlobalSection
	GlobalSection(ProjectConfigurationPlatforms) = postSolution
		{63B76988-134F-49A3-A2FB-8873426B8B9A}.Debug|Any CPU.ActiveCfg = Debug|Any CPU
		{63B76988-134F-49A3-A2FB-8873426B8B9A}.Debug|Any CPU.Build.0 = Debug|Any CPU
		{63B76988-134F-49A3-A2FB-8873426B8B9A}.Release|Any CPU.ActiveCfg = Release|Any CPU
		{63B76988-134F-49A3-A2FB-8873426B8B9A}.Release|Any CPU.Build.0 = Release|Any CPU
		{56665E84-9007-43F0-B9B2-560DF068C5F0}.Debug|Any CPU.ActiveCfg = Debug|Any CPU
		{56665E84-9007-43F0-B9B2-560DF068C5F0}.Debug|Any CPU.Build.0 = Debug|Any CPU
		{56665E84-9007-43F0-B9B2-560DF068C5F0}.Release|Any CPU.ActiveCfg = Release|Any CPU
		{56665E84-9007-43F0-B9B2-560DF068C5F0}.Release|Any CPU.Build.0 = Release|Any CPU
		{8056A6B6-6FF3-4DA1-9461-0EB5F6F96375}.Debug|Any CPU.ActiveCfg = Debug|Any CPU
		{8056A6B6-6FF3-4DA1-9461-0EB5F6F96375}.Debug|Any CPU.Build.0 = Debug|Any CPU
		{8056A6B6-6FF3-4DA1-9461-0EB5F6F96375}.Release|Any CPU.ActiveCfg = Release|Any CPU
		{8056A6B6-6FF3-4DA1-9461-0EB5F6F96375}.Release|Any CPU.Build.0 = Release|Any CPU
		{B42FE722-BAAA-4FD5-99AB-B32C7AC0B336}.Debug|Any CPU.ActiveCfg = Debug|Any CPU
		{B42FE722-BAAA-4FD5-99AB-B32C7AC0B336}.Debug|Any CPU.Build.0 = Debug|Any CPU
		{B42FE722-BAAA-4FD5-99AB-B32C7AC0B336}.Release|Any CPU.ActiveCfg = Release|Any CPU
		{B42FE722-BAAA-4FD5-99AB-B32C7AC0B336}.Release|Any CPU.Build.0 = Release|Any CPU
		{4E74672F-A7C5-40B4-8795-960EF0C458B0}.Debug|Any CPU.ActiveCfg = Debug|Any CPU
		{4E74672F-A7C5-40B4-8795-960EF0C458B0}.Debug|Any CPU.Build.0 = Debug|Any CPU
		{4E74672F-A7C5-40B4-8795-960EF0C458B0}.Release|Any CPU.ActiveCfg = Release|Any CPU
		{4E74672F-A7C5-40B4-8795-960EF0C458B0}.Release|Any CPU.Build.0 = Release|Any CPU
	EndGlobalSection
	GlobalSection(SolutionProperties) = preSolution
		HideSolutionNode = FALSE
	EndGlobalSection
	GlobalSection(NestedProjects) = preSolution
		{63B76988-134F-49A3-A2FB-8873426B8B9A} = {02EA681E-C7D8-13C7-8484-4AC65E1B71E8}
		{56665E84-9007-43F0-B9B2-560DF068C5F0} = {1B546B61-B804-4B9A-BFCA-E5404C54FCDD}
		{8056A6B6-6FF3-4DA1-9461-0EB5F6F96375} = {7AE8BE82-24F6-4796-AA5D-BB114E9DB52C}
		{B42FE722-BAAA-4FD5-99AB-B32C7AC0B336} = {26EAE511-6DEE-4539-B006-99E2D919D83F}
		{4E74672F-A7C5-40B4-8795-960EF0C458B0} = {26EAE511-6DEE-4539-B006-99E2D919D83F}
	EndGlobalSection
EndGlobal